
Microsoft Visual Studio Solution File, Format Version 12.00
# Visual Studio 2015
Project("{FAE04EC0-301F-11D3-BF4B-00C04F79EFBC}") = "EscapeMaze.CSharp", "EscapeMaze.CSharp.csproj", "{CF75F328-4832-82CB-135C-3C6E649ECCBA}"
EndProject
Global
	GlobalSection(SolutionConfigurationPlatforms) = preSolution
		Debug|Any CPU = Debug|Any CPU
		Release|Any CPU = Release|Any CPU
	EndGlobalSection
	GlobalSection(ProjectConfigurationPlatforms) = postSolution
		{CF75F328-4832-82CB-135C-3C6E649ECCBA}.Debug|Any CPU.ActiveCfg = Debug|Any CPU
		{CF75F328-4832-82CB-135C-3C6E649ECCBA}.Debug|Any CPU.Build.0 = Debug|Any CPU
		{CF75F328-4832-82CB-135C-3C6E649ECCBA}.Release|Any CPU.ActiveCfg = Release|Any CPU
		{CF75F328-4832-82CB-135C-3C6E649ECCBA}.Release|Any CPU.Build.0 = Release|Any CPU
	EndGlobalSection
	GlobalSection(SolutionProperties) = preSolution
		HideSolutionNode = FALSE
	EndGlobalSection
EndGlobal
